
Microsoft Visual Studio Solution File, Format Version 12.00
# Visual Studio 2012
Project("{FAE04EC0-301F-11D3-BF4B-00C04F79EFBC}") = "TripBug", "TripBug\TripBug.csproj", "{AD55BDCA-87EA-469E-8A75-67EA370C8874}"
EndProject
Project("{FAE04EC0-301F-11D3-BF4B-00C04F79EFBC}") = "BugServiceInterface", "BugService\BugServiceInterface.csproj", "{6EC2324B-28CF-4381-B3DB-DA4BD0E26C8B}"
EndProject
Global
	GlobalSection(SolutionConfigurationPlatforms) = preSolution
		Debug|Any CPU = Debug|Any CPU
		Release|Any CPU = Release|Any CPU
	EndGlobalSection
	GlobalSection(ProjectConfigurationPlatforms) = postSolution
		{AD55BDCA-87EA-469E-8A75-67EA370C8874}.Debug|Any CPU.ActiveCfg = Debug|Any CPU
		{AD55BDCA-87EA-469E-8A75-67EA370C8874}.Debug|Any CPU.Build.0 = Debug|Any CPU
		{AD55BDCA-87EA-469E-8A75-67EA370C8874}.Release|Any CPU.ActiveCfg = Release|Any CPU
		{AD55BDCA-87EA-469E-8A75-67EA370C8874}.Release|Any CPU.Build.0 = Release|Any CPU
		{6EC2324B-28CF-4381-B3DB-DA4BD0E26C8B}.Debug|Any CPU.ActiveCfg = Debug|Any CPU
		{6EC2324B-28CF-4381-B3DB-DA4BD0E26C8B}.Debug|Any CPU.Build.0 = Debug|Any CPU
		{6EC2324B-28CF-4381-B3DB-DA4BD0E26C8B}.Release|Any CPU.ActiveCfg = Release|Any CPU
		{6EC2324B-28CF-4381-B3DB-DA4BD0E26C8B}.Release|Any CPU.Build.0 = Release|Any CPU
	EndGlobalSection
	GlobalSection(SolutionProperties) = preSolution
		HideSolutionNode = FALSE
	EndGlobalSection
EndGlobal
